// !$*UTF8*$!
{
	archiveVersion = 1;
	classes = {
	};
	objectVersion = 46;
	objects = {

/* Begin PBXBuildFile section */
		8301890B1F28CBF300304197 /* DoSurveyTableViewController.swift in Sources */ = {isa = PBXBuildFile; fileRef = 8301890A1F28CBF300304197 /* DoSurveyTableViewController.swift */; };
		8301890D1F28D1C400304197 /* ToDoSurveyItem.swift in Sources */ = {isa = PBXBuildFile; fileRef = 8301890C1F28D1C400304197 /* ToDoSurveyItem.swift */; };
		8301890F1F28D48200304197 /* ToDoSurveyList.swift in Sources */ = {isa = PBXBuildFile; fileRef = 8301890E1F28D48200304197 /* ToDoSurveyList.swift */; };
		830189111F28E28800304197 /* ConfigurationHelper.swift in Sources */ = {isa = PBXBuildFile; fileRef = 830189101F28E28800304197 /* ConfigurationHelper.swift */; };
		83322B0F1ED2CADC0005794F /* AppDelegate.swift in Sources */ = {isa = PBXBuildFile; fileRef = 83322B0E1ED2CADC0005794F /* AppDelegate.swift */; };
		83322B111ED2CADC0005794F /* ViewController.swift in Sources */ = {isa = PBXBuildFile; fileRef = 83322B101ED2CADC0005794F /* ViewController.swift */; };
		83322B141ED2CADC0005794F /* Main.storyboard in Resources */ = {isa = PBXBuildFile; fileRef = 83322B121ED2CADC0005794F /* Main.storyboard */; };
		83322B161ED2CADC0005794F /* Assets.xcassets in Resources */ = {isa = PBXBuildFile; fileRef = 83322B151ED2CADC0005794F /* Assets.xcassets */; };
		83322B191ED2CADC0005794F /* LaunchScreen.storyboard in Resources */ = {isa = PBXBuildFile; fileRef = 83322B171ED2CADC0005794F /* LaunchScreen.storyboard */; };
		83322B2A1ED2D4920005794F /* ResearchKit.framework in Frameworks */ = {isa = PBXBuildFile; fileRef = 83322B271ED2CB040005794F /* ResearchKit.framework */; };
		83322B2B1ED2D4920005794F /* ResearchKit.framework in Embed Frameworks */ = {isa = PBXBuildFile; fileRef = 83322B271ED2CB040005794F /* ResearchKit.framework */; settings = {ATTRIBUTES = (CodeSignOnCopy, RemoveHeadersOnCopy, ); }; };
		83322B3E1ED312FC0005794F /* SurveyTableViewController.swift in Sources */ = {isa = PBXBuildFile; fileRef = 83322B3D1ED312FC0005794F /* SurveyTableViewController.swift */; };
		83322B401ED317380005794F /* TaskListRow.swift in Sources */ = {isa = PBXBuildFile; fileRef = 83322B3F1ED317380005794F /* TaskListRow.swift */; };
		83322B421ED31DFC0005794F /* ResearchKitTableViewController.swift in Sources */ = {isa = PBXBuildFile; fileRef = 83322B411ED31DFC0005794F /* ResearchKitTableViewController.swift */; };
		83322B4A1ED326400005794F /* SurveyTaskListRow.swift in Sources */ = {isa = PBXBuildFile; fileRef = 83322B491ED326400005794F /* SurveyTaskListRow.swift */; };
		833535841EDEC1B700736FB0 /* SurveyHelper.swift in Sources */ = {isa = PBXBuildFile; fileRef = 833535831EDEC1B700736FB0 /* SurveyHelper.swift */; };
		8338D9501F2F02AB0059DD96 /* ToDoSurveyListTest.swift in Sources */ = {isa = PBXBuildFile; fileRef = 8338D94F1F2F02AB0059DD96 /* ToDoSurveyListTest.swift */; };
		8338D9551F3038910059DD96 /* EquipmentUsedTask.swift in Sources */ = {isa = PBXBuildFile; fileRef = 8338D9541F3038910059DD96 /* EquipmentUsedTask.swift */; };
		8338D9571F303CA90059DD96 /* FitnessTestTask.swift in Sources */ = {isa = PBXBuildFile; fileRef = 8338D9561F303CA90059DD96 /* FitnessTestTask.swift */; };
		8338D95D1F3040D30059DD96 /* SleepQualityTask.swift in Sources */ = {isa = PBXBuildFile; fileRef = 8338D95C1F3040D30059DD96 /* SleepQualityTask.swift */; };
		8338D95F1F3043F40059DD96 /* EndOfDayTask.swift in Sources */ = {isa = PBXBuildFile; fileRef = 8338D95E1F3043F40059DD96 /* EndOfDayTask.swift */; };
		834B6D701F2B150A00C779D2 /* ToDoSurveyTask.swift in Sources */ = {isa = PBXBuildFile; fileRef = 834B6D6F1F2B150A00C779D2 /* ToDoSurveyTask.swift */; };
		836BB0691ED4ABAD001B6C2D /* ConsentDocument.swift in Sources */ = {isa = PBXBuildFile; fileRef = 836BB0681ED4ABAD001B6C2D /* ConsentDocument.swift */; };
		836BB06B1ED4AC2A001B6C2D /* ConsentTask.swift in Sources */ = {isa = PBXBuildFile; fileRef = 836BB06A1ED4AC2A001B6C2D /* ConsentTask.swift */; };
		836BB0711ED4C4D0001B6C2D /* StepAndTaskIdentifier.swift in Sources */ = {isa = PBXBuildFile; fileRef = 836BB0701ED4C4D0001B6C2D /* StepAndTaskIdentifier.swift */; };
		838F65141F043C2700CCC42D /* F14_ProjektArbeit_SurveysTests.swift in Sources */ = {isa = PBXBuildFile; fileRef = 838F65131F043C2700CCC42D /* F14_ProjektArbeit_SurveysTests.swift */; };
		83B1C2411F02E557003C41FF /* ConsentMenueViewController.swift in Sources */ = {isa = PBXBuildFile; fileRef = 83B1C2401F02E557003C41FF /* ConsentMenueViewController.swift */; };
		83B9152D1F013BC100778410 /* ResearchContainerViewController.swift in Sources */ = {isa = PBXBuildFile; fileRef = 83B9152C1F013BC100778410 /* ResearchContainerViewController.swift */; };
		83B915321F013CCC00778410 /* HealthKit.framework in Frameworks */ = {isa = PBXBuildFile; fileRef = 83B915311F013CCC00778410 /* HealthKit.framework */; };
		83B915351F013E8100778410 /* HealthClientType.swift in Sources */ = {isa = PBXBuildFile; fileRef = 83B915341F013E8100778410 /* HealthClientType.swift */; };
		83B915381F013F0D00778410 /* WithdrawViewController.swift in Sources */ = {isa = PBXBuildFile; fileRef = 83B915371F013F0D00778410 /* WithdrawViewController.swift */; };
		83B9153A1F01438100778410 /* ResearchContainerSegue.swift in Sources */ = {isa = PBXBuildFile; fileRef = 83B915391F01438100778410 /* ResearchContainerSegue.swift */; };
		83B9153D1F0145DA00778410 /* OnboardingViewController.swift in Sources */ = {isa = PBXBuildFile; fileRef = 83B9153C1F0145DA00778410 /* OnboardingViewController.swift */; };
		83B915401F01476400778410 /* HealtDataStep.swift in Sources */ = {isa = PBXBuildFile; fileRef = 83B9153F1F01476400778410 /* HealtDataStep.swift */; };
		83B915421F0147C400778410 /* HealthDataStepViewController.swift in Sources */ = {isa = PBXBuildFile; fileRef = 83B915411F0147C400778410 /* HealthDataStepViewController.swift */; };
		83B915491F0265D300778410 /* ProfileHeaderView.swift in Sources */ = {isa = PBXBuildFile; fileRef = 83B915461F0265D300778410 /* ProfileHeaderView.swift */; };
		83B9154A1F0265D300778410 /* ProfileStaticTableViewCell.swift in Sources */ = {isa = PBXBuildFile; fileRef = 83B915471F0265D300778410 /* ProfileStaticTableViewCell.swift */; };
		83B9154B1F0265D300778410 /* ProfileViewController.swift in Sources */ = {isa = PBXBuildFile; fileRef = 83B915481F0265D300778410 /* ProfileViewController.swift */; };
		83B9154D1F02664900778410 /* HKHealthStore+Queries.swift in Sources */ = {isa = PBXBuildFile; fileRef = 83B9154C1F02664900778410 /* HKHealthStore+Queries.swift */; };
		83B915541F029D2400778410 /* ConfigurationViewController.swift in Sources */ = {isa = PBXBuildFile; fileRef = 83B915531F029D2400778410 /* ConfigurationViewController.swift */; };
		83B915581F02C2F200778410 /* ConfigurationTask.swift in Sources */ = {isa = PBXBuildFile; fileRef = 83B915571F02C2F200778410 /* ConfigurationTask.swift */; };
		83EF48A71F2B309100859C45 /* DefaultTask.swift in Sources */ = {isa = PBXBuildFile; fileRef = 83EF48A61F2B309100859C45 /* DefaultTask.swift */; };
		83EF48A91F2B312000859C45 /* PersonalDataTask.swift in Sources */ = {isa = PBXBuildFile; fileRef = 83EF48A81F2B312000859C45 /* PersonalDataTask.swift */; };
		83EF48AB1F2C95AF00859C45 /* UserDefaultHandler.swift in Sources */ = {isa = PBXBuildFile; fileRef = 83EF48AA1F2C95AF00859C45 /* UserDefaultHandler.swift */; };
		83EF48AD1F2C961E00859C45 /* UserDefaultHandlerTest.swift in Sources */ = {isa = PBXBuildFile; fileRef = 83EF48AC1F2C961E00859C45 /* UserDefaultHandlerTest.swift */; };
/* End PBXBuildFile section */

/* Begin PBXContainerItemProxy section */
		83322B261ED2CB040005794F /* PBXContainerItemProxy */ = {
			isa = PBXContainerItemProxy;
			containerPortal = 83322B201ED2CB030005794F /* ResearchKit.xcodeproj */;
			proxyType = 2;
			remoteGlobalIDString = B183A5951A8535D100C76870;
			remoteInfo = ResearchKit;
		};
		83322B281ED2CB040005794F /* PBXContainerItemProxy */ = {
			isa = PBXContainerItemProxy;
			containerPortal = 83322B201ED2CB030005794F /* ResearchKit.xcodeproj */;
			proxyType = 2;
			remoteGlobalIDString = 86CC8E9A1AC09332001CCD89;
			remoteInfo = ResearchKitTests;
		};
		83322B2C1ED2D4920005794F /* PBXContainerItemProxy */ = {
			isa = PBXContainerItemProxy;
			containerPortal = 83322B201ED2CB030005794F /* ResearchKit.xcodeproj */;
			proxyType = 1;
			remoteGlobalIDString = B183A4731A8535D100C76870;
			remoteInfo = ResearchKit;
		};
		838F65161F043C2700CCC42D /* PBXContainerItemProxy */ = {
			isa = PBXContainerItemProxy;
			containerPortal = 83322B031ED2CADC0005794F /* Project object */;
			proxyType = 1;
			remoteGlobalIDString = 83322B0A1ED2CADC0005794F;
			remoteInfo = F14_ProjektArbeit_Surveys;
		};
/* End PBXContainerItemProxy section */

/* Begin PBXCopyFilesBuildPhase section */
		83322B2E1ED2D4930005794F /* Embed Frameworks */ = {
			isa = PBXCopyFilesBuildPhase;
			buildActionMask = 2147483647;
			dstPath = "";
			dstSubfolderSpec = 10;
			files = (
				83322B2B1ED2D4920005794F /* ResearchKit.framework in Embed Frameworks */,
			);
			name = "Embed Frameworks";
			runOnlyForDeploymentPostprocessing = 0;
		};
/* End PBXCopyFilesBuildPhase section */

/* Begin PBXFileReference section */
		8301890A1F28CBF300304197 /* DoSurveyTableViewController.swift */ = {isa = PBXFileReference; fileEncoding = 4; lastKnownFileType = sourcecode.swift; path = DoSurveyTableViewController.swift; sourceTree = "<group>"; };
		8301890C1F28D1C400304197 /* ToDoSurveyItem.swift */ = {isa = PBXFileReference; fileEncoding = 4; lastKnownFileType = sourcecode.swift; path = ToDoSurveyItem.swift; sourceTree = "<group>"; };
		8301890E1F28D48200304197 /* ToDoSurveyList.swift */ = {isa = PBXFileReference; fileEncoding = 4; lastKnownFileType = sourcecode.swift; path = ToDoSurveyList.swift; sourceTree = "<group>"; };
		830189101F28E28800304197 /* ConfigurationHelper.swift */ = {isa = PBXFileReference; fileEncoding = 4; lastKnownFileType = sourcecode.swift; path = ConfigurationHelper.swift; sourceTree = "<group>"; };
		83322B0B1ED2CADC0005794F /* F14_ProjektArbeit_Surveys.app */ = {isa = PBXFileReference; explicitFileType = wrapper.application; includeInIndex = 0; path = F14_ProjektArbeit_Surveys.app; sourceTree = BUILT_PRODUCTS_DIR; };
		83322B0E1ED2CADC0005794F /* AppDelegate.swift */ = {isa = PBXFileReference; lastKnownFileType = sourcecode.swift; path = AppDelegate.swift; sourceTree = "<group>"; };
		83322B101ED2CADC0005794F /* ViewController.swift */ = {isa = PBXFileReference; lastKnownFileType = sourcecode.swift; path = ViewController.swift; sourceTree = "<group>"; };
		83322B131ED2CADC0005794F /* Base */ = {isa = PBXFileReference; lastKnownFileType = file.storyboard; name = Base; path = Base.lproj/Main.storyboard; sourceTree = "<group>"; };
		83322B151ED2CADC0005794F /* Assets.xcassets */ = {isa = PBXFileReference; lastKnownFileType = folder.assetcatalog; path = Assets.xcassets; sourceTree = "<group>"; };
		83322B181ED2CADC0005794F /* Base */ = {isa = PBXFileReference; lastKnownFileType = file.storyboard; name = Base; path = Base.lproj/LaunchScreen.storyboard; sourceTree = "<group>"; };
		83322B1A1ED2CADC0005794F /* Info.plist */ = {isa = PBXFileReference; lastKnownFileType = text.plist.xml; path = Info.plist; sourceTree = "<group>"; };
		83322B201ED2CB030005794F /* ResearchKit.xcodeproj */ = {isa = PBXFileReference; lastKnownFileType = "wrapper.pb-project"; name = ResearchKit.xcodeproj; path = ../ResearchKit/ResearchKit.xcodeproj; sourceTree = "<group>"; };
		83322B3D1ED312FC0005794F /* SurveyTableViewController.swift */ = {isa = PBXFileReference; fileEncoding = 4; lastKnownFileType = sourcecode.swift; path = SurveyTableViewController.swift; sourceTree = "<group>"; };
		83322B3F1ED317380005794F /* TaskListRow.swift */ = {isa = PBXFileReference; fileEncoding = 4; lastKnownFileType = sourcecode.swift; path = TaskListRow.swift; sourceTree = "<group>"; };
		83322B411ED31DFC0005794F /* ResearchKitTableViewController.swift */ = {isa = PBXFileReference; fileEncoding = 4; lastKnownFileType = sourcecode.swift; path = ResearchKitTableViewController.swift; sourceTree = "<group>"; };
		83322B491ED326400005794F /* SurveyTaskListRow.swift */ = {isa = PBXFileReference; fileEncoding = 4; lastKnownFileType = sourcecode.swift; path = SurveyTaskListRow.swift; sourceTree = "<group>"; };
		833535831EDEC1B700736FB0 /* SurveyHelper.swift */ = {isa = PBXFileReference; fileEncoding = 4; lastKnownFileType = sourcecode.swift; path = SurveyHelper.swift; sourceTree = "<group>"; };
		8338D94F1F2F02AB0059DD96 /* ToDoSurveyListTest.swift */ = {isa = PBXFileReference; fileEncoding = 4; lastKnownFileType = sourcecode.swift; path = ToDoSurveyListTest.swift; sourceTree = "<group>"; };
		8338D9541F3038910059DD96 /* EquipmentUsedTask.swift */ = {isa = PBXFileReference; fileEncoding = 4; lastKnownFileType = sourcecode.swift; path = EquipmentUsedTask.swift; sourceTree = "<group>"; };
		8338D9561F303CA90059DD96 /* FitnessTestTask.swift */ = {isa = PBXFileReference; fileEncoding = 4; lastKnownFileType = sourcecode.swift; path = FitnessTestTask.swift; sourceTree = "<group>"; };
		8338D95C1F3040D30059DD96 /* SleepQualityTask.swift */ = {isa = PBXFileReference; fileEncoding = 4; lastKnownFileType = sourcecode.swift; name = SleepQualityTask.swift; path = ../SleepQualityTask.swift; sourceTree = "<group>"; };
		8338D95E1F3043F40059DD96 /* EndOfDayTask.swift */ = {isa = PBXFileReference; fileEncoding = 4; lastKnownFileType = sourcecode.swift; path = EndOfDayTask.swift; sourceTree = "<group>"; };
		834B6D6F1F2B150A00C779D2 /* ToDoSurveyTask.swift */ = {isa = PBXFileReference; fileEncoding = 4; lastKnownFileType = sourcecode.swift; path = ToDoSurveyTask.swift; sourceTree = "<group>"; };
		836BB0681ED4ABAD001B6C2D /* ConsentDocument.swift */ = {isa = PBXFileReference; fileEncoding = 4; lastKnownFileType = sourcecode.swift; path = ConsentDocument.swift; sourceTree = "<group>"; };
		836BB06A1ED4AC2A001B6C2D /* ConsentTask.swift */ = {isa = PBXFileReference; fileEncoding = 4; lastKnownFileType = sourcecode.swift; path = ConsentTask.swift; sourceTree = "<group>"; };
		836BB0701ED4C4D0001B6C2D /* StepAndTaskIdentifier.swift */ = {isa = PBXFileReference; fileEncoding = 4; lastKnownFileType = sourcecode.swift; path = StepAndTaskIdentifier.swift; sourceTree = "<group>"; };
		838F65111F043C2700CCC42D /* F14_ProjektArbeit_SurveysTests.xctest */ = {isa = PBXFileReference; explicitFileType = wrapper.cfbundle; includeInIndex = 0; path = F14_ProjektArbeit_SurveysTests.xctest; sourceTree = BUILT_PRODUCTS_DIR; };
		838F65131F043C2700CCC42D /* F14_ProjektArbeit_SurveysTests.swift */ = {isa = PBXFileReference; lastKnownFileType = sourcecode.swift; path = F14_ProjektArbeit_SurveysTests.swift; sourceTree = "<group>"; };
		838F65151F043C2700CCC42D /* Info.plist */ = {isa = PBXFileReference; lastKnownFileType = text.plist.xml; path = Info.plist; sourceTree = "<group>"; };
		83B1C2401F02E557003C41FF /* ConsentMenueViewController.swift */ = {isa = PBXFileReference; fileEncoding = 4; lastKnownFileType = sourcecode.swift; path = ConsentMenueViewController.swift; sourceTree = "<group>"; };
		83B1C24A1F03AE69003C41FF /* F14_ProjektArbeit_Surveys.entitlements */ = {isa = PBXFileReference; lastKnownFileType = text.plist.entitlements; path = F14_ProjektArbeit_Surveys.entitlements; sourceTree = "<group>"; };
		83B9152C1F013BC100778410 /* ResearchContainerViewController.swift */ = {isa = PBXFileReference; fileEncoding = 4; lastKnownFileType = sourcecode.swift; path = ResearchContainerViewController.swift; sourceTree = "<group>"; };
		83B915311F013CCC00778410 /* HealthKit.framework */ = {isa = PBXFileReference; lastKnownFileType = wrapper.framework; name = HealthKit.framework; path = System/Library/Frameworks/HealthKit.framework; sourceTree = SDKROOT; };
		83B915341F013E8100778410 /* HealthClientType.swift */ = {isa = PBXFileReference; fileEncoding = 4; lastKnownFileType = sourcecode.swift; path = HealthClientType.swift; sourceTree = "<group>"; };
		83B915371F013F0D00778410 /* WithdrawViewController.swift */ = {isa = PBXFileReference; fileEncoding = 4; lastKnownFileType = sourcecode.swift; path = WithdrawViewController.swift; sourceTree = "<group>"; };
		83B915391F01438100778410 /* ResearchContainerSegue.swift */ = {isa = PBXFileReference; fileEncoding = 4; lastKnownFileType = sourcecode.swift; path = ResearchContainerSegue.swift; sourceTree = "<group>"; };
		83B9153C1F0145DA00778410 /* OnboardingViewController.swift */ = {isa = PBXFileReference; fileEncoding = 4; lastKnownFileType = sourcecode.swift; path = OnboardingViewController.swift; sourceTree = "<group>"; };
		83B9153F1F01476400778410 /* HealtDataStep.swift */ = {isa = PBXFileReference; fileEncoding = 4; lastKnownFileType = sourcecode.swift; path = HealtDataStep.swift; sourceTree = "<group>"; };
		83B915411F0147C400778410 /* HealthDataStepViewController.swift */ = {isa = PBXFileReference; fileEncoding = 4; lastKnownFileType = sourcecode.swift; path = HealthDataStepViewController.swift; sourceTree = "<group>"; };
		83B915461F0265D300778410 /* ProfileHeaderView.swift */ = {isa = PBXFileReference; fileEncoding = 4; lastKnownFileType = sourcecode.swift; path = ProfileHeaderView.swift; sourceTree = "<group>"; };
		83B915471F0265D300778410 /* ProfileStaticTableViewCell.swift */ = {isa = PBXFileReference; fileEncoding = 4; lastKnownFileType = sourcecode.swift; path = ProfileStaticTableViewCell.swift; sourceTree = "<group>"; };
		83B915481F0265D300778410 /* ProfileViewController.swift */ = {isa = PBXFileReference; fileEncoding = 4; lastKnownFileType = sourcecode.swift; path = ProfileViewController.swift; sourceTree = "<group>"; };
		83B9154C1F02664900778410 /* HKHealthStore+Queries.swift */ = {isa = PBXFileReference; fileEncoding = 4; lastKnownFileType = sourcecode.swift; path = "HKHealthStore+Queries.swift"; sourceTree = "<group>"; };
		83B915531F029D2400778410 /* ConfigurationViewController.swift */ = {isa = PBXFileReference; fileEncoding = 4; lastKnownFileType = sourcecode.swift; path = ConfigurationViewController.swift; sourceTree = "<group>"; };
		83B915571F02C2F200778410 /* ConfigurationTask.swift */ = {isa = PBXFileReference; fileEncoding = 4; lastKnownFileType = sourcecode.swift; path = ConfigurationTask.swift; sourceTree = "<group>"; };
		83EF48A61F2B309100859C45 /* DefaultTask.swift */ = {isa = PBXFileReference; fileEncoding = 4; lastKnownFileType = sourcecode.swift; path = DefaultTask.swift; sourceTree = "<group>"; };
		83EF48A81F2B312000859C45 /* PersonalDataTask.swift */ = {isa = PBXFileReference; fileEncoding = 4; lastKnownFileType = sourcecode.swift; path = PersonalDataTask.swift; sourceTree = "<group>"; };
		83EF48AA1F2C95AF00859C45 /* UserDefaultHandler.swift */ = {isa = PBXFileReference; fileEncoding = 4; lastKnownFileType = sourcecode.swift; path = UserDefaultHandler.swift; sourceTree = "<group>"; };
		83EF48AC1F2C961E00859C45 /* UserDefaultHandlerTest.swift */ = {isa = PBXFileReference; fileEncoding = 4; lastKnownFileType = sourcecode.swift; path = UserDefaultHandlerTest.swift; sourceTree = "<group>"; };
/* End PBXFileReference section */

/* Begin PBXFrameworksBuildPhase section */
		83322B081ED2CADC0005794F /* Frameworks */ = {
			isa = PBXFrameworksBuildPhase;
			buildActionMask = 2147483647;
			files = (
				83B915321F013CCC00778410 /* HealthKit.framework in Frameworks */,
				83322B2A1ED2D4920005794F /* ResearchKit.framework in Frameworks */,
			);
			runOnlyForDeploymentPostprocessing = 0;
		};
		838F650E1F043C2700CCC42D /* Frameworks */ = {
			isa = PBXFrameworksBuildPhase;
			buildActionMask = 2147483647;
			files = (
			);
			runOnlyForDeploymentPostprocessing = 0;
		};
/* End PBXFrameworksBuildPhase section */

/* Begin PBXGroup section */
		830189071F28CBB100304197 /* Do Survey */ = {
			isa = PBXGroup;
			children = (
				8301890A1F28CBF300304197 /* DoSurveyTableViewController.swift */,
				8301890E1F28D48200304197 /* ToDoSurveyList.swift */,
				8301890C1F28D1C400304197 /* ToDoSurveyItem.swift */,
				834B6D6F1F2B150A00C779D2 /* ToDoSurveyTask.swift */,
			);
			name = "Do Survey";
			sourceTree = "<group>";
		};
		83322B021ED2CADC0005794F = {
			isa = PBXGroup;
			children = (
				83322B201ED2CB030005794F /* ResearchKit.xcodeproj */,
				83322B0D1ED2CADC0005794F /* F14_ProjektArbeit_Surveys */,
				838F65121F043C2700CCC42D /* F14_ProjektArbeit_SurveysTests */,
				83322B0C1ED2CADC0005794F /* Products */,
				83B915301F013CCC00778410 /* Frameworks */,
			);
			sourceTree = "<group>";
		};
		83322B0C1ED2CADC0005794F /* Products */ = {
			isa = PBXGroup;
			children = (
				83322B0B1ED2CADC0005794F /* F14_ProjektArbeit_Surveys.app */,
				838F65111F043C2700CCC42D /* F14_ProjektArbeit_SurveysTests.xctest */,
			);
			name = Products;
			sourceTree = "<group>";
		};
		83322B0D1ED2CADC0005794F /* F14_ProjektArbeit_Surveys */ = {
			isa = PBXGroup;
			children = (
				83B9154C1F02664900778410 /* HKHealthStore+Queries.swift */,
				83322B0E1ED2CADC0005794F /* AppDelegate.swift */,
				83EF48AA1F2C95AF00859C45 /* UserDefaultHandler.swift */,
				836BB0701ED4C4D0001B6C2D /* StepAndTaskIdentifier.swift */,
				836BB0671ED4AB7F001B6C2D /* Consent & Onboarding */,
				83B915521F029CEF00778410 /* Configuration */,
				83322B441ED31E6F0005794F /* ResearchKit */,
				83B915331F013E2200778410 /* Protocols */,
				83B915451F0265C000778410 /* Profile */,
				83B9153E1F01475700778410 /* Steps */,
				83B1C24B1F03B70F003C41FF /* Suporting Files */,
				83EF48A31F2B2FD300859C45 /* Tasks */,
				830189071F28CBB100304197 /* Do Survey */,
				83322B431ED31E580005794F /* Survey */,
				83B915361F013EF100778410 /* Withdrawal */,
				83B915391F01438100778410 /* ResearchContainerSegue.swift */,
				83B9152C1F013BC100778410 /* ResearchContainerViewController.swift */,
				83322B101ED2CADC0005794F /* ViewController.swift */,
				83322B121ED2CADC0005794F /* Main.storyboard */,
				83322B171ED2CADC0005794F /* LaunchScreen.storyboard */,
			);
			path = F14_ProjektArbeit_Surveys;
			sourceTree = "<group>";
		};
		83322B211ED2CB030005794F /* Products */ = {
			isa = PBXGroup;
			children = (
				83322B271ED2CB040005794F /* ResearchKit.framework */,
				83322B291ED2CB040005794F /* ResearchKitTests.xctest */,
			);
			name = Products;
			sourceTree = "<group>";
		};
		83322B431ED31E580005794F /* Survey */ = {
			isa = PBXGroup;
			children = (
				83322B3D1ED312FC0005794F /* SurveyTableViewController.swift */,
				833535831EDEC1B700736FB0 /* SurveyHelper.swift */,
				83322B491ED326400005794F /* SurveyTaskListRow.swift */,
			);
			name = Survey;
			sourceTree = "<group>";
		};
		83322B441ED31E6F0005794F /* ResearchKit */ = {
			isa = PBXGroup;
			children = (
				83322B411ED31DFC0005794F /* ResearchKitTableViewController.swift */,
				83322B3F1ED317380005794F /* TaskListRow.swift */,
			);
			name = ResearchKit;
			sourceTree = "<group>";
		};
		836BB0671ED4AB7F001B6C2D /* Consent & Onboarding */ = {
			isa = PBXGroup;
			children = (
				83B1C2401F02E557003C41FF /* ConsentMenueViewController.swift */,
				83B9153C1F0145DA00778410 /* OnboardingViewController.swift */,
				836BB0681ED4ABAD001B6C2D /* ConsentDocument.swift */,
				836BB06A1ED4AC2A001B6C2D /* ConsentTask.swift */,
			);
			name = "Consent & Onboarding";
			sourceTree = "<group>";
		};
		838F65121F043C2700CCC42D /* F14_ProjektArbeit_SurveysTests */ = {
			isa = PBXGroup;
			children = (
				838F65131F043C2700CCC42D /* F14_ProjektArbeit_SurveysTests.swift */,
				83EF48AC1F2C961E00859C45 /* UserDefaultHandlerTest.swift */,
				8338D94F1F2F02AB0059DD96 /* ToDoSurveyListTest.swift */,
				838F65151F043C2700CCC42D /* Info.plist */,
			);
			path = F14_ProjektArbeit_SurveysTests;
			sourceTree = "<group>";
		};
		83B1C24B1F03B70F003C41FF /* Suporting Files */ = {
			isa = PBXGroup;
			children = (
				83322B1A1ED2CADC0005794F /* Info.plist */,
				83322B151ED2CADC0005794F /* Assets.xcassets */,
				83B1C24A1F03AE69003C41FF /* F14_ProjektArbeit_Surveys.entitlements */,
			);
			name = "Suporting Files";
			sourceTree = "<group>";
		};
		83B915301F013CCC00778410 /* Frameworks */ = {
			isa = PBXGroup;
			children = (
				83B915311F013CCC00778410 /* HealthKit.framework */,
			);
			name = Frameworks;
			sourceTree = "<group>";
		};
		83B915331F013E2200778410 /* Protocols */ = {
			isa = PBXGroup;
			children = (
				83B915341F013E8100778410 /* HealthClientType.swift */,
			);
			name = Protocols;
			sourceTree = "<group>";
		};
		83B915361F013EF100778410 /* Withdrawal */ = {
			isa = PBXGroup;
			children = (
				83B915371F013F0D00778410 /* WithdrawViewController.swift */,
			);
			name = Withdrawal;
			sourceTree = "<group>";
		};
		83B9153E1F01475700778410 /* Steps */ = {
			isa = PBXGroup;
			children = (
				83B9153F1F01476400778410 /* HealtDataStep.swift */,
				83B915411F0147C400778410 /* HealthDataStepViewController.swift */,
			);
			name = Steps;
			sourceTree = "<group>";
		};
		83B915451F0265C000778410 /* Profile */ = {
			isa = PBXGroup;
			children = (
				83B915481F0265D300778410 /* ProfileViewController.swift */,
				83B915461F0265D300778410 /* ProfileHeaderView.swift */,
				83B915471F0265D300778410 /* ProfileStaticTableViewCell.swift */,
			);
			name = Profile;
			sourceTree = "<group>";
		};
		83B915521F029CEF00778410 /* Configuration */ = {
			isa = PBXGroup;
			children = (
				83B915531F029D2400778410 /* ConfigurationViewController.swift */,
				830189101F28E28800304197 /* ConfigurationHelper.swift */,
				83B915571F02C2F200778410 /* ConfigurationTask.swift */,
			);
			name = Configuration;
			sourceTree = "<group>";
		};
		83EF48A31F2B2FD300859C45 /* Tasks */ = {
			isa = PBXGroup;
			children = (
				83EF48A61F2B309100859C45 /* DefaultTask.swift */,
				83EF48A81F2B312000859C45 /* PersonalDataTask.swift */,
				8338D9541F3038910059DD96 /* EquipmentUsedTask.swift */,
				8338D9561F303CA90059DD96 /* FitnessTestTask.swift */,
				8338D95E1F3043F40059DD96 /* EndOfDayTask.swift */,
				8338D95C1F3040D30059DD96 /* SleepQualityTask.swift */,
			);
			name = Tasks;
			sourceTree = "<group>";
		};
/* End PBXGroup section */

/* Begin PBXNativeTarget section */
		83322B0A1ED2CADC0005794F /* F14_ProjektArbeit_Surveys */ = {
			isa = PBXNativeTarget;
			buildConfigurationList = 83322B1D1ED2CADC0005794F /* Build configuration list for PBXNativeTarget "F14_ProjektArbeit_Surveys" */;
			buildPhases = (
				83322B071ED2CADC0005794F /* Sources */,
				83322B081ED2CADC0005794F /* Frameworks */,
				83322B091ED2CADC0005794F /* Resources */,
				83322B2E1ED2D4930005794F /* Embed Frameworks */,
			);
			buildRules = (
			);
			dependencies = (
				83322B2D1ED2D4920005794F /* PBXTargetDependency */,
			);
			name = F14_ProjektArbeit_Surveys;
			productName = F14_ProjektArbeit_Surveys;
			productReference = 83322B0B1ED2CADC0005794F /* F14_ProjektArbeit_Surveys.app */;
			productType = "com.apple.product-type.application";
		};
		838F65101F043C2700CCC42D /* F14_ProjektArbeit_SurveysTests */ = {
			isa = PBXNativeTarget;
			buildConfigurationList = 838F65181F043C2700CCC42D /* Build configuration list for PBXNativeTarget "F14_ProjektArbeit_SurveysTests" */;
			buildPhases = (
				838F650D1F043C2700CCC42D /* Sources */,
				838F650E1F043C2700CCC42D /* Frameworks */,
				838F650F1F043C2700CCC42D /* Resources */,
			);
			buildRules = (
			);
			dependencies = (
				838F65171F043C2700CCC42D /* PBXTargetDependency */,
			);
			name = F14_ProjektArbeit_SurveysTests;
			productName = F14_ProjektArbeit_SurveysTests;
			productReference = 838F65111F043C2700CCC42D /* F14_ProjektArbeit_SurveysTests.xctest */;
			productType = "com.apple.product-type.bundle.unit-test";
		};
/* End PBXNativeTarget section */

/* Begin PBXProject section */
		83322B031ED2CADC0005794F /* Project object */ = {
			isa = PBXProject;
			attributes = {
				LastSwiftUpdateCheck = 0830;
				LastUpgradeCheck = 0900;
				ORGANIZATIONNAME = "Till J. Ernst";
				TargetAttributes = {
					83322B0A1ED2CADC0005794F = {
						CreatedOnToolsVersion = 8.2.1;
						DevelopmentTeam = GB4K5J8465;
						LastSwiftMigration = 0900;
						ProvisioningStyle = Automatic;
						SystemCapabilities = {
							com.apple.HealthKit = {
								enabled = 1;
							};
						};
					};
					838F65101F043C2700CCC42D = {
						CreatedOnToolsVersion = 8.3.3;
						DevelopmentTeam = GB4K5J8465;
						LastSwiftMigration = 0900;
						ProvisioningStyle = Automatic;
						TestTargetID = 83322B0A1ED2CADC0005794F;
					};
				};
			};
			buildConfigurationList = 83322B061ED2CADC0005794F /* Build configuration list for PBXProject "F14_ProjektArbeit_Surveys" */;
			compatibilityVersion = "Xcode 3.2";
			developmentRegion = English;
			hasScannedForEncodings = 0;
			knownRegions = (
				en,
				Base,
			);
			mainGroup = 83322B021ED2CADC0005794F;
			productRefGroup = 83322B0C1ED2CADC0005794F /* Products */;
			projectDirPath = "";
			projectReferences = (
				{
					ProductGroup = 83322B211ED2CB030005794F /* Products */;
					ProjectRef = 83322B201ED2CB030005794F /* ResearchKit.xcodeproj */;
				},
			);
			projectRoot = "";
			targets = (
				83322B0A1ED2CADC0005794F /* F14_ProjektArbeit_Surveys */,
				838F65101F043C2700CCC42D /* F14_ProjektArbeit_SurveysTests */,
			);
		};
/* End PBXProject section */

/* Begin PBXReferenceProxy section */
		83322B271ED2CB040005794F /* ResearchKit.framework */ = {
			isa = PBXReferenceProxy;
			fileType = wrapper.framework;
			path = ResearchKit.framework;
			remoteRef = 83322B261ED2CB040005794F /* PBXContainerItemProxy */;
			sourceTree = BUILT_PRODUCTS_DIR;
		};
		83322B291ED2CB040005794F /* ResearchKitTests.xctest */ = {
			isa = PBXReferenceProxy;
			fileType = wrapper.cfbundle;
			path = ResearchKitTests.xctest;
			remoteRef = 83322B281ED2CB040005794F /* PBXContainerItemProxy */;
			sourceTree = BUILT_PRODUCTS_DIR;
		};
/* End PBXReferenceProxy section */

/* Begin PBXResourcesBuildPhase section */
		83322B091ED2CADC0005794F /* Resources */ = {
			isa = PBXResourcesBuildPhase;
			buildActionMask = 2147483647;
			files = (
				83322B191ED2CADC0005794F /* LaunchScreen.storyboard in Resources */,
				83322B161ED2CADC0005794F /* Assets.xcassets in Resources */,
				83322B141ED2CADC0005794F /* Main.storyboard in Resources */,
			);
			runOnlyForDeploymentPostprocessing = 0;
		};
		838F650F1F043C2700CCC42D /* Resources */ = {
			isa = PBXResourcesBuildPhase;
			buildActionMask = 2147483647;
			files = (
			);
			runOnlyForDeploymentPostprocessing = 0;
		};
/* End PBXResourcesBuildPhase section */

/* Begin PBXSourcesBuildPhase section */
		83322B071ED2CADC0005794F /* Sources */ = {
			isa = PBXSourcesBuildPhase;
			buildActionMask = 2147483647;
			files = (
				8338D95D1F3040D30059DD96 /* SleepQualityTask.swift in Sources */,
				8301890F1F28D48200304197 /* ToDoSurveyList.swift in Sources */,
				83B9153A1F01438100778410 /* ResearchContainerSegue.swift in Sources */,
				833535841EDEC1B700736FB0 /* SurveyHelper.swift in Sources */,
				834B6D701F2B150A00C779D2 /* ToDoSurveyTask.swift in Sources */,
				83322B111ED2CADC0005794F /* ViewController.swift in Sources */,
				83B9153D1F0145DA00778410 /* OnboardingViewController.swift in Sources */,
				83B915491F0265D300778410 /* ProfileHeaderView.swift in Sources */,
				836BB06B1ED4AC2A001B6C2D /* ConsentTask.swift in Sources */,
				83B9154A1F0265D300778410 /* ProfileStaticTableViewCell.swift in Sources */,
				83322B4A1ED326400005794F /* SurveyTaskListRow.swift in Sources */,
				83B1C2411F02E557003C41FF /* ConsentMenueViewController.swift in Sources */,
				8338D95F1F3043F40059DD96 /* EndOfDayTask.swift in Sources */,
				83B915381F013F0D00778410 /* WithdrawViewController.swift in Sources */,
				83B9152D1F013BC100778410 /* ResearchContainerViewController.swift in Sources */,
				830189111F28E28800304197 /* ConfigurationHelper.swift in Sources */,
				83B915401F01476400778410 /* HealtDataStep.swift in Sources */,
				83322B0F1ED2CADC0005794F /* AppDelegate.swift in Sources */,
				83B9154D1F02664900778410 /* HKHealthStore+Queries.swift in Sources */,
				83322B3E1ED312FC0005794F /* SurveyTableViewController.swift in Sources */,
				83EF48A91F2B312000859C45 /* PersonalDataTask.swift in Sources */,
				83322B401ED317380005794F /* TaskListRow.swift in Sources */,
				83B9154B1F0265D300778410 /* ProfileViewController.swift in Sources */,
				83B915421F0147C400778410 /* HealthDataStepViewController.swift in Sources */,
				8338D9551F3038910059DD96 /* EquipmentUsedTask.swift in Sources */,
				83B915541F029D2400778410 /* ConfigurationViewController.swift in Sources */,
				83B915351F013E8100778410 /* HealthClientType.swift in Sources */,
				83B915581F02C2F200778410 /* ConfigurationTask.swift in Sources */,
				83EF48AB1F2C95AF00859C45 /* UserDefaultHandler.swift in Sources */,
				83EF48A71F2B309100859C45 /* DefaultTask.swift in Sources */,
				836BB0691ED4ABAD001B6C2D /* ConsentDocument.swift in Sources */,
				8301890B1F28CBF300304197 /* DoSurveyTableViewController.swift in Sources */,
				83322B421ED31DFC0005794F /* ResearchKitTableViewController.swift in Sources */,
				8301890D1F28D1C400304197 /* ToDoSurveyItem.swift in Sources */,
				836BB0711ED4C4D0001B6C2D /* StepAndTaskIdentifier.swift in Sources */,
				8338D9571F303CA90059DD96 /* FitnessTestTask.swift in Sources */,
			);
			runOnlyForDeploymentPostprocessing = 0;
		};
		838F650D1F043C2700CCC42D /* Sources */ = {
			isa = PBXSourcesBuildPhase;
			buildActionMask = 2147483647;
			files = (
				83EF48AD1F2C961E00859C45 /* UserDefaultHandlerTest.swift in Sources */,
				8338D9501F2F02AB0059DD96 /* ToDoSurveyListTest.swift in Sources */,
				838F65141F043C2700CCC42D /* F14_ProjektArbeit_SurveysTests.swift in Sources */,
			);
			runOnlyForDeploymentPostprocessing = 0;
		};
/* End PBXSourcesBuildPhase section */

/* Begin PBXTargetDependency section */
		83322B2D1ED2D4920005794F /* PBXTargetDependency */ = {
			isa = PBXTargetDependency;
			name = ResearchKit;
			targetProxy = 83322B2C1ED2D4920005794F /* PBXContainerItemProxy */;
		};
		838F65171F043C2700CCC42D /* PBXTargetDependency */ = {
			isa = PBXTargetDependency;
			target = 83322B0A1ED2CADC0005794F /* F14_ProjektArbeit_Surveys */;
			targetProxy = 838F65161F043C2700CCC42D /* PBXContainerItemProxy */;
		};
/* End PBXTargetDependency section */

/* Begin PBXVariantGroup section */
		83322B121ED2CADC0005794F /* Main.storyboard */ = {
			isa = PBXVariantGroup;
			children = (
				83322B131ED2CADC0005794F /* Base */,
			);
			name = Main.storyboard;
			sourceTree = "<group>";
		};
		83322B171ED2CADC0005794F /* LaunchScreen.storyboard */ = {
			isa = PBXVariantGroup;
			children = (
				83322B181ED2CADC0005794F /* Base */,
			);
			name = LaunchScreen.storyboard;
			sourceTree = "<group>";
		};
/* End PBXVariantGroup section */

/* Begin XCBuildConfiguration section */
		83322B1B1ED2CADC0005794F /* Debug */ = {
			isa = XCBuildConfiguration;
			buildSettings = {
				ALWAYS_SEARCH_USER_PATHS = NO;
				CLANG_ANALYZER_NONNULL = YES;
				CLANG_CXX_LANGUAGE_STANDARD = "gnu++0x";
				CLANG_CXX_LIBRARY = "libc++";
				CLANG_ENABLE_MODULES = YES;
				CLANG_ENABLE_OBJC_ARC = YES;
				CLANG_WARN_BLOCK_CAPTURE_AUTORELEASING = YES;
				CLANG_WARN_BOOL_CONVERSION = YES;
				CLANG_WARN_COMMA = YES;
				CLANG_WARN_CONSTANT_CONVERSION = YES;
				CLANG_WARN_DIRECT_OBJC_ISA_USAGE = YES_ERROR;
				CLANG_WARN_DOCUMENTATION_COMMENTS = YES;
				CLANG_WARN_EMPTY_BODY = YES;
				CLANG_WARN_ENUM_CONVERSION = YES;
				CLANG_WARN_INFINITE_RECURSION = YES;
				CLANG_WARN_INT_CONVERSION = YES;
				CLANG_WARN_NON_LITERAL_NULL_CONVERSION = YES;
				CLANG_WARN_OBJC_LITERAL_CONVERSION = YES;
				CLANG_WARN_OBJC_ROOT_CLASS = YES_ERROR;
				CLANG_WARN_RANGE_LOOP_ANALYSIS = YES;
				CLANG_WARN_STRICT_PROTOTYPES = YES;
				CLANG_WARN_SUSPICIOUS_MOVE = YES;
				CLANG_WARN_UNREACHABLE_CODE = YES;
				CLANG_WARN__DUPLICATE_METHOD_MATCH = YES;
				"CODE_SIGN_IDENTITY[sdk=iphoneos*]" = "iPhone Developer";
				COPY_PHASE_STRIP = NO;
				DEBUG_INFORMATION_FORMAT = dwarf;
				ENABLE_STRICT_OBJC_MSGSEND = YES;
				ENABLE_TESTABILITY = YES;
				GCC_C_LANGUAGE_STANDARD = gnu99;
				GCC_DYNAMIC_NO_PIC = NO;
				GCC_NO_COMMON_BLOCKS = YES;
				GCC_OPTIMIZATION_LEVEL = 0;
				GCC_PREPROCESSOR_DEFINITIONS = (
					"DEBUG=1",
					"$(inherited)",
				);
				GCC_WARN_64_TO_32_BIT_CONVERSION = YES;
				GCC_WARN_ABOUT_RETURN_TYPE = YES_ERROR;
				GCC_WARN_UNDECLARED_SELECTOR = YES;
				GCC_WARN_UNINITIALIZED_AUTOS = YES_AGGRESSIVE;
				GCC_WARN_UNUSED_FUNCTION = YES;
				GCC_WARN_UNUSED_VARIABLE = YES;
				IPHONEOS_DEPLOYMENT_TARGET = 10.2;
				MTL_ENABLE_DEBUG_INFO = YES;
				ONLY_ACTIVE_ARCH = YES;
				SDKROOT = iphoneos;
				SWIFT_ACTIVE_COMPILATION_CONDITIONS = DEBUG;
				SWIFT_OPTIMIZATION_LEVEL = "-Onone";
			};
			name = Debug;
		};
		83322B1C1ED2CADC0005794F /* Release */ = {
			isa = XCBuildConfiguration;
			buildSettings = {
				ALWAYS_SEARCH_USER_PATHS = NO;
				CLANG_ANALYZER_NONNULL = YES;
				CLANG_CXX_LANGUAGE_STANDARD = "gnu++0x";
				CLANG_CXX_LIBRARY = "libc++";
				CLANG_ENABLE_MODULES = YES;
				CLANG_ENABLE_OBJC_ARC = YES;
				CLANG_WARN_BLOCK_CAPTURE_AUTORELEASING = YES;
				CLANG_WARN_BOOL_CONVERSION = YES;
				CLANG_WARN_COMMA = YES;
				CLANG_WARN_CONSTANT_CONVERSION = YES;
				CLANG_WARN_DIRECT_OBJC_ISA_USAGE = YES_ERROR;
				CLANG_WARN_DOCUMENTATION_COMMENTS = YES;
				CLANG_WARN_EMPTY_BODY = YES;
				CLANG_WARN_ENUM_CONVERSION = YES;
				CLANG_WARN_INFINITE_RECURSION = YES;
				CLANG_WARN_INT_CONVERSION = YES;
				CLANG_WARN_NON_LITERAL_NULL_CONVERSION = YES;
				CLANG_WARN_OBJC_LITERAL_CONVERSION = YES;
				CLANG_WARN_OBJC_ROOT_CLASS = YES_ERROR;
				CLANG_WARN_RANGE_LOOP_ANALYSIS = YES;
				CLANG_WARN_STRICT_PROTOTYPES = YES;
				CLANG_WARN_SUSPICIOUS_MOVE = YES;
				CLANG_WARN_UNREACHABLE_CODE = YES;
				CLANG_WARN__DUPLICATE_METHOD_MATCH = YES;
				"CODE_SIGN_IDENTITY[sdk=iphoneos*]" = "iPhone Developer";
				COPY_PHASE_STRIP = NO;
				DEBUG_INFORMATION_FORMAT = "dwarf-with-dsym";
				ENABLE_NS_ASSERTIONS = NO;
				ENABLE_STRICT_OBJC_MSGSEND = YES;
				GCC_C_LANGUAGE_STANDARD = gnu99;
				GCC_NO_COMMON_BLOCKS = YES;
				GCC_WARN_64_TO_32_BIT_CONVERSION = YES;
				GCC_WARN_ABOUT_RETURN_TYPE = YES_ERROR;
				GCC_WARN_UNDECLARED_SELECTOR = YES;
				GCC_WARN_UNINITIALIZED_AUTOS = YES_AGGRESSIVE;
				GCC_WARN_UNUSED_FUNCTION = YES;
				GCC_WARN_UNUSED_VARIABLE = YES;
				IPHONEOS_DEPLOYMENT_TARGET = 10.2;
				MTL_ENABLE_DEBUG_INFO = NO;
				SDKROOT = iphoneos;
				SWIFT_OPTIMIZATION_LEVEL = "-Owholemodule";
				VALIDATE_PRODUCT = YES;
			};
			name = Release;
		};
		83322B1E1ED2CADC0005794F /* Debug */ = {
			isa = XCBuildConfiguration;
			buildSettings = {
				ALWAYS_EMBED_SWIFT_STANDARD_LIBRARIES = YES;
				ASSETCATALOG_COMPILER_APPICON_NAME = AppIcon;
				ASSETCATALOG_COMPILER_LAUNCHIMAGE_NAME = LaunchImage;
				CODE_SIGN_ENTITLEMENTS = F14_ProjektArbeit_Surveys/F14_ProjektArbeit_Surveys.entitlements;
				DEVELOPMENT_TEAM = GB4K5J8465;
				INFOPLIST_FILE = F14_ProjektArbeit_Surveys/Info.plist;
				IPHONEOS_DEPLOYMENT_TARGET = 9.3;
				LD_RUNPATH_SEARCH_PATHS = "$(inherited) @executable_path/Frameworks";
				PRODUCT_BUNDLE_IDENTIFIER = "ZHAW.F14-ProjektArbeit-Surveys";
				PRODUCT_NAME = "$(TARGET_NAME)";
				SWIFT_SWIFT3_OBJC_INFERENCE = On;
				SWIFT_VERSION = 4.0;
			};
			name = Debug;
		};
		83322B1F1ED2CADC0005794F /* Release */ = {
			isa = XCBuildConfiguration;
			buildSettings = {
				ALWAYS_EMBED_SWIFT_STANDARD_LIBRARIES = YES;
				ASSETCATALOG_COMPILER_APPICON_NAME = AppIcon;
				ASSETCATALOG_COMPILER_LAUNCHIMAGE_NAME = LaunchImage;
				CODE_SIGN_ENTITLEMENTS = F14_ProjektArbeit_Surveys/F14_ProjektArbeit_Surveys.entitlements;
				DEVELOPMENT_TEAM = GB4K5J8465;
				INFOPLIST_FILE = F14_ProjektArbeit_Surveys/Info.plist;
				IPHONEOS_DEPLOYMENT_TARGET = 9.3;
				LD_RUNPATH_SEARCH_PATHS = "$(inherited) @executable_path/Frameworks";
				PRODUCT_BUNDLE_IDENTIFIER = "ZHAW.F14-ProjektArbeit-Surveys";
				PRODUCT_NAME = "$(TARGET_NAME)";
				SWIFT_SWIFT3_OBJC_INFERENCE = On;
				SWIFT_VERSION = 4.0;
			};
			name = Release;
		};
		838F65191F043C2700CCC42D /* Debug */ = {
			isa = XCBuildConfiguration;
			buildSettings = {
				BUNDLE_LOADER = "$(TEST_HOST)";
				CLANG_ANALYZER_NUMBER_OBJECT_CONVERSION = YES_AGGRESSIVE;
				DEVELOPMENT_TEAM = GB4K5J8465;
				INFOPLIST_FILE = F14_ProjektArbeit_SurveysTests/Info.plist;
				IPHONEOS_DEPLOYMENT_TARGET = 10.3;
				LD_RUNPATH_SEARCH_PATHS = "$(inherited) @executable_path/Frameworks @loader_path/Frameworks";
				PRODUCT_BUNDLE_IDENTIFIER = "ZHAW.F14-ProjektArbeit-SurveysTests";
				PRODUCT_NAME = "$(TARGET_NAME)";
				SWIFT_SWIFT3_OBJC_INFERENCE = On;
				SWIFT_VERSION = 4.0;
				TEST_HOST = "$(BUILT_PRODUCTS_DIR)/F14_ProjektArbeit_Surveys.app/F14_ProjektArbeit_Surveys";
			};
			name = Debug;
		};
		838F651A1F043C2700CCC42D /* Release */ = {
			isa = XCBuildConfiguration;
			buildSettings = {
				BUNDLE_LOADER = "$(TEST_HOST)";
				CLANG_ANALYZER_NUMBER_OBJECT_CONVERSION = YES_AGGRESSIVE;
				DEVELOPMENT_TEAM = GB4K5J8465;
				INFOPLIST_FILE = F14_ProjektArbeit_SurveysTests/Info.plist;
				IPHONEOS_DEPLOYMENT_TARGET = 10.3;
				LD_RUNPATH_SEARCH_PATHS = "$(inherited) @executable_path/Frameworks @loader_path/Frameworks";
				PRODUCT_BUNDLE_IDENTIFIER = "ZHAW.F14-ProjektArbeit-SurveysTests";
				PRODUCT_NAME = "$(TARGET_NAME)";
				SWIFT_SWIFT3_OBJC_INFERENCE = On;
				SWIFT_VERSION = 4.0;
				TEST_HOST = "$(BUILT_PRODUCTS_DIR)/F14_ProjektArbeit_Surveys.app/F14_ProjektArbeit_Surveys";
			};
			name = Release;
		};
/* End XCBuildConfiguration section */

/* Begin XCConfigurationList section */
		83322B061ED2CADC0005794F /* Build configuration list for PBXProject "F14_ProjektArbeit_Surveys" */ = {
			isa = XCConfigurationList;
			buildConfigurations = (
				83322B1B1ED2CADC0005794F /* Debug */,
				83322B1C1ED2CADC0005794F /* Release */,
			);
			defaultConfigurationIsVisible = 0;
			defaultConfigurationName = Release;
		};
		83322B1D1ED2CADC0005794F /* Build configuration list for PBXNativeTarget "F14_ProjektArbeit_Surveys" */ = {
			isa = XCConfigurationList;
			buildConfigurations = (
				83322B1E1ED2CADC0005794F /* Debug */,
				83322B1F1ED2CADC0005794F /* Release */,
			);
			defaultConfigurationIsVisible = 0;
			defaultConfigurationName = Release;
		};
		838F65181F043C2700CCC42D /* Build configuration list for PBXNativeTarget "F14_ProjektArbeit_SurveysTests" */ = {
			isa = XCConfigurationList;
			buildConfigurations = (
				838F65191F043C2700CCC42D /* Debug */,
				838F651A1F043C2700CCC42D /* Release */,
			);
			defaultConfigurationIsVisible = 0;
			defaultConfigurationName = Release;
		};
/* End XCConfigurationList section */
	};
	rootObject = 83322B031ED2CADC0005794F /* Project object */;
}
